
Microsoft Visual Studio Solution File, Format Version 12.00
# Visual Studio Version 16
VisualStudioVersion = 16.0.31624.102
MinimumVisualStudioVersion = 10.0.40219.1
Project("{FAE04EC0-301F-11D3-BF4B-00C04F79EFBC}") = "Клиент_Вуз_2021", "Клиент_Вуз_2021\Клиент_Вуз_2021.csproj", "{22A22BDF-ECC4-488F-AF91-AE013D7E5C82}"
EndProject
Global
	GlobalSection(SolutionConfigurationPlatforms) = preSolution
		Debug|Any CPU = Debug|Any CPU
		Release|Any CPU = Release|Any CPU
	EndGlobalSection
	GlobalSection(ProjectConfigurationPlatforms) = postSolution
		{22A22BDF-ECC4-488F-AF91-AE013D7E5C82}.Debug|Any CPU.ActiveCfg = Debug|Any CPU
		{22A22BDF-ECC4-488F-AF91-AE013D7E5C82}.Debug|Any CPU.Build.0 = Debug|Any CPU
		{22A22BDF-ECC4-488F-AF91-AE013D7E5C82}.Release|Any CPU.ActiveCfg = Release|Any CPU
		{22A22BDF-ECC4-488F-AF91-AE013D7E5C82}.Release|Any CPU.Build.0 = Release|Any CPU
	EndGlobalSection
	GlobalSection(SolutionProperties) = preSolution
		HideSolutionNode = FALSE
	EndGlobalSection
	GlobalSection(ExtensibilityGlobals) = postSolution
		SolutionGuid = {FB77B819-9A8D-4C1C-A083-32093CE177D5}
	EndGlobalSection
EndGlobal
